
Microsoft Visual Studio Solution File, Format Version 12.00
# Visual Studio Version 16
VisualStudioVersion = 16.0.30611.23
MinimumVisualStudioVersion = 10.0.40219.1
Project("{FAE04EC0-301F-11D3-BF4B-00C04F79EFBC}") = "EventVisitorResearchTool", "EventVisitorResearchTool\EventVisitorResearchTool.csproj", "{73EF5CFA-0E1C-4AEC-AFE5-4BE0740A4CC8}"
EndProject
Global
	GlobalSection(SolutionConfigurationPlatforms) = preSolution
		Debug|Any CPU = Debug|Any CPU
		Release|Any CPU = Release|Any CPU
	EndGlobalSection
	GlobalSection(ProjectConfigurationPlatforms) = postSolution
		{73EF5CFA-0E1C-4AEC-AFE5-4BE0740A4CC8}.Debug|Any CPU.ActiveCfg = Debug|Any CPU
		{73EF5CFA-0E1C-4AEC-AFE5-4BE0740A4CC8}.Debug|Any CPU.Build.0 = Debug|Any CPU
		{73EF5CFA-0E1C-4AEC-AFE5-4BE0740A4CC8}.Release|Any CPU.ActiveCfg = Release|Any CPU
		{73EF5CFA-0E1C-4AEC-AFE5-4BE0740A4CC8}.Release|Any CPU.Build.0 = Release|Any CPU
	EndGlobalSection
	GlobalSection(SolutionProperties) = preSolution
		HideSolutionNode = FALSE
	EndGlobalSection
	GlobalSection(ExtensibilityGlobals) = postSolution
		SolutionGuid = {6626553A-9773-4610-A1E4-21B0E44D5F7F}
	EndGlobalSection
EndGlobal
